
Microsoft Visual Studio Solution File, Format Version 12.00
# Visual Studio 15
VisualStudioVersion = 15.0.28307.136
MinimumVisualStudioVersion = 10.0.40219.1
Project("{FAE04EC0-301F-11D3-BF4B-00C04F79EFBC}") = "Biblio_Project", "Biblio_Project\Biblio_Project.csproj", "{45D1BA21-A248-4434-9D00-791165BF14CB}"
EndProject
Global
	GlobalSection(SolutionConfigurationPlatforms) = preSolution
		Debug|Any CPU = Debug|Any CPU
		Release|Any CPU = Release|Any CPU
	EndGlobalSection
	GlobalSection(ProjectConfigurationPlatforms) = postSolution
		{45D1BA21-A248-4434-9D00-791165BF14CB}.Debug|Any CPU.ActiveCfg = Debug|Any CPU
		{45D1BA21-A248-4434-9D00-791165BF14CB}.Debug|Any CPU.Build.0 = Debug|Any CPU
		{45D1BA21-A248-4434-9D00-791165BF14CB}.Release|Any CPU.ActiveCfg = Release|Any CPU
		{45D1BA21-A248-4434-9D00-791165BF14CB}.Release|Any CPU.Build.0 = Release|Any CPU
	EndGlobalSection
	GlobalSection(SolutionProperties) = preSolution
		HideSolutionNode = FALSE
	EndGlobalSection
	GlobalSection(ExtensibilityGlobals) = postSolution
		SolutionGuid = {EEBC5654-2BD1-452E-BE62-BE5BA2207770}
	EndGlobalSection
EndGlobal
